
Microsoft Visual Studio Solution File, Format Version 12.00
# Visual Studio Version 17
VisualStudioVersion = 17.7.34221.43
MinimumVisualStudioVersion = 10.0.40219.1
Project("{FAE04EC0-301F-11D3-BF4B-00C04F79EFBC}") = "PatronIterator", "PatronIterator.csproj", "{2CFB7577-8651-40C5-AF60-EA3EAD40ADDE}"
EndProject
Global
	GlobalSection(SolutionConfigurationPlatforms) = preSolution
		Debug|Any CPU = Debug|Any CPU
		Release|Any CPU = Release|Any CPU
	EndGlobalSection
	GlobalSection(ProjectConfigurationPlatforms) = postSolution
		{2CFB7577-8651-40C5-AF60-EA3EAD40ADDE}.Debug|Any CPU.ActiveCfg = Debug|Any CPU
		{2CFB7577-8651-40C5-AF60-EA3EAD40ADDE}.Debug|Any CPU.Build.0 = Debug|Any CPU
		{2CFB7577-8651-40C5-AF60-EA3EAD40ADDE}.Release|Any CPU.ActiveCfg = Release|Any CPU
		{2CFB7577-8651-40C5-AF60-EA3EAD40ADDE}.Release|Any CPU.Build.0 = Release|Any CPU
	EndGlobalSection
	GlobalSection(SolutionProperties) = preSolution
		HideSolutionNode = FALSE
	EndGlobalSection
	GlobalSection(ExtensibilityGlobals) = postSolution
		SolutionGuid = {7CCFEB7D-136F-4661-BD7C-57153DF5327B}
	EndGlobalSection
EndGlobal
